
Microsoft Visual Studio Solution File, Format Version 12.00
# Visual Studio Version 16
VisualStudioVersion = 16.0.30621.155
MinimumVisualStudioVersion = 10.0.40219.1
Project("{9A19103F-16F7-4668-BE54-9A1E7A4F7556}") = "Kamp", "Kamp\Kamp.csproj", "{8D153FF9-57E4-42DE-AACE-BD98241D3D54}"
EndProject
Project("{9A19103F-16F7-4668-BE54-9A1E7A4F7556}") = "OOP1", "OOP1\OOP1.csproj", "{4D67C02B-D347-4B8A-BBB1-E71F192BFEF6}"
EndProject
Project("{9A19103F-16F7-4668-BE54-9A1E7A4F7556}") = "Koleksiyonlar", "Koleksiyonlar\Koleksiyonlar.csproj", "{82606FAB-5A91-493A-9AF8-8B1435AF9B6E}"
EndProject
Project("{9A19103F-16F7-4668-BE54-9A1E7A4F7556}") = "GenericsIntro", "GenericsIntro\GenericsIntro.csproj", "{E07105FD-AFB8-4E8B-BBD7-94224E2DAF95}"
EndProject
Project("{9A19103F-16F7-4668-BE54-9A1E7A4F7556}") = "Dic", "Dic\Dic.csproj", "{70990E2B-19B5-4D53-B54A-676D866FDC7F}"
EndProject
Project("{FAE04EC0-301F-11D3-BF4B-00C04F79EFBC}") = "OOP2", "OOP2\OOP2.csproj", "{661AB1EB-1E8A-4116-8B42-EE12F4BB58D6}"
EndProject
Project("{FAE04EC0-301F-11D3-BF4B-00C04F79EFBC}") = "OOP3", "OOP3\OOP3.csproj", "{C5B573A6-9679-47CF-8C78-F178D29087C1}"
EndProject
Global
	GlobalSection(SolutionConfigurationPlatforms) = preSolution
		Debug|Any CPU = Debug|Any CPU
		Release|Any CPU = Release|Any CPU
	EndGlobalSection
	GlobalSection(ProjectConfigurationPlatforms) = postSolution
		{8D153FF9-57E4-42DE-AACE-BD98241D3D54}.Debug|Any CPU.ActiveCfg = Debug|Any CPU
		{8D153FF9-57E4-42DE-AACE-BD98241D3D54}.Debug|Any CPU.Build.0 = Debug|Any CPU
		{8D153FF9-57E4-42DE-AACE-BD98241D3D54}.Release|Any CPU.ActiveCfg = Release|Any CPU
		{8D153FF9-57E4-42DE-AACE-BD98241D3D54}.Release|Any CPU.Build.0 = Release|Any CPU
		{4D67C02B-D347-4B8A-BBB1-E71F192BFEF6}.Debug|Any CPU.ActiveCfg = Debug|Any CPU
		{4D67C02B-D347-4B8A-BBB1-E71F192BFEF6}.Debug|Any CPU.Build.0 = Debug|Any CPU
		{4D67C02B-D347-4B8A-BBB1-E71F192BFEF6}.Release|Any CPU.ActiveCfg = Release|Any CPU
		{4D67C02B-D347-4B8A-BBB1-E71F192BFEF6}.Release|Any CPU.Build.0 = Release|Any CPU
		{82606FAB-5A91-493A-9AF8-8B1435AF9B6E}.Debug|Any CPU.ActiveCfg = Debug|Any CPU
		{82606FAB-5A91-493A-9AF8-8B1435AF9B6E}.Debug|Any CPU.Build.0 = Debug|Any CPU
		{82606FAB-5A91-493A-9AF8-8B1435AF9B6E}.Release|Any CPU.ActiveCfg = Release|Any CPU
		{82606FAB-5A91-493A-9AF8-8B1435AF9B6E}.Release|Any CPU.Build.0 = Release|Any CPU
		{E07105FD-AFB8-4E8B-BBD7-94224E2DAF95}.Debug|Any CPU.ActiveCfg = Debug|Any CPU
		{E07105FD-AFB8-4E8B-BBD7-94224E2DAF95}.Debug|Any CPU.Build.0 = Debug|Any CPU
		{E07105FD-AFB8-4E8B-BBD7-94224E2DAF95}.Release|Any CPU.ActiveCfg = Release|Any CPU
		{E07105FD-AFB8-4E8B-BBD7-94224E2DAF95}.Release|Any CPU.Build.0 = Release|Any CPU
		{70990E2B-19B5-4D53-B54A-676D866FDC7F}.Debug|Any CPU.ActiveCfg = Debug|Any CPU
		{70990E2B-19B5-4D53-B54A-676D866FDC7F}.Debug|Any CPU.Build.0 = Debug|Any CPU
		{70990E2B-19B5-4D53-B54A-676D866FDC7F}.Release|Any CPU.ActiveCfg = Release|Any CPU
		{70990E2B-19B5-4D53-B54A-676D866FDC7F}.Release|Any CPU.Build.0 = Release|Any CPU
		{661AB1EB-1E8A-4116-8B42-EE12F4BB58D6}.Debug|Any CPU.ActiveCfg = Debug|Any CPU
		{661AB1EB-1E8A-4116-8B42-EE12F4BB58D6}.Debug|Any CPU.Build.0 = Debug|Any CPU
		{661AB1EB-1E8A-4116-8B42-EE12F4BB58D6}.Release|Any CPU.ActiveCfg = Release|Any CPU
		{661AB1EB-1E8A-4116-8B42-EE12F4BB58D6}.Release|Any CPU.Build.0 = Release|Any CPU
		{C5B573A6-9679-47CF-8C78-F178D29087C1}.Debug|Any CPU.ActiveCfg = Debug|Any CPU
		{C5B573A6-9679-47CF-8C78-F178D29087C1}.Debug|Any CPU.Build.0 = Debug|Any CPU
		{C5B573A6-9679-47CF-8C78-F178D29087C1}.Release|Any CPU.ActiveCfg = Release|Any CPU
		{C5B573A6-9679-47CF-8C78-F178D29087C1}.Release|Any CPU.Build.0 = Release|Any CPU
	EndGlobalSection
	GlobalSection(SolutionProperties) = preSolution
		HideSolutionNode = FALSE
	EndGlobalSection
	GlobalSection(ExtensibilityGlobals) = postSolution
		SolutionGuid = {A4430FDF-105B-4ADE-AE9E-CE3639CA4E7C}
	EndGlobalSection
EndGlobal
